
Microsoft Visual Studio Solution File, Format Version 12.00
# Visual Studio 14
VisualStudioVersion = 14.0.25420.1
MinimumVisualStudioVersion = 10.0.40219.1
Project("{FAE04EC0-301F-11D3-BF4B-00C04F79EFBC}") = "FinancieraAmetrano", "FinancieraAmetrano\FinancieraAmetrano.csproj", "{73EE4BD3-4011-4348-9B5C-FA655D4AE717}"
EndProject
Project("{FAE04EC0-301F-11D3-BF4B-00C04F79EFBC}") = "FinancieraAmetrano.Models", "FinancieraAmetrano.Models\FinancieraAmetrano.Models.csproj", "{FAB35BFA-537A-4CFC-BC58-29DF4EEF7F37}"
EndProject
Global
	GlobalSection(SolutionConfigurationPlatforms) = preSolution
		Debug|Any CPU = Debug|Any CPU
		Release|Any CPU = Release|Any CPU
	EndGlobalSection
	GlobalSection(ProjectConfigurationPlatforms) = postSolution
		{73EE4BD3-4011-4348-9B5C-FA655D4AE717}.Debug|Any CPU.ActiveCfg = Debug|Any CPU
		{73EE4BD3-4011-4348-9B5C-FA655D4AE717}.Debug|Any CPU.Build.0 = Debug|Any CPU
		{73EE4BD3-4011-4348-9B5C-FA655D4AE717}.Release|Any CPU.ActiveCfg = Release|Any CPU
		{73EE4BD3-4011-4348-9B5C-FA655D4AE717}.Release|Any CPU.Build.0 = Release|Any CPU
		{FAB35BFA-537A-4CFC-BC58-29DF4EEF7F37}.Debug|Any CPU.ActiveCfg = Debug|Any CPU
		{FAB35BFA-537A-4CFC-BC58-29DF4EEF7F37}.Debug|Any CPU.Build.0 = Debug|Any CPU
		{FAB35BFA-537A-4CFC-BC58-29DF4EEF7F37}.Release|Any CPU.ActiveCfg = Release|Any CPU
		{FAB35BFA-537A-4CFC-BC58-29DF4EEF7F37}.Release|Any CPU.Build.0 = Release|Any CPU
	EndGlobalSection
	GlobalSection(SolutionProperties) = preSolution
		HideSolutionNode = FALSE
	EndGlobalSection
EndGlobal
